<?xml version="1.0" encoding="utf-8"?>
<Project ToolsVersion="4.0" xmlns="http://schemas.microsoft.com/developer/msbuild/2003">
  <ItemGroup>
    <Filter Include="Logging">
      <UniqueIdentifier>{AC6878E8-1848-F783-2160-825A8DBE5DE5}</UniqueIdentifier>
    </Filter>
    <Filter Include="Window">
      <UniqueIdentifier>{3DEA79DA-298C-A4B0-1247-B804FE872B01}</UniqueIdentifier>
    </Filter>
  </ItemGroup>
  <ItemGroup>
    <ClInclude Include="src\Application.h" />
    <ClInclude Include="src\EntryPoint.h" />
    <ClInclude Include="src\Logging\Log.h">
      <Filter>Logging</Filter>
    </ClInclude>
    <ClInclude Include="src\Renderer.h" />
    <ClInclude Include="src\Window\Window.h">
      <Filter>Window</Filter>
    </ClInclude>
    <ClInclude Include="src\Window\WindowsWindow.h">
      <Filter>Window</Filter>
    </ClInclude>
    <ClInclude Include="src\pch.h" />
  </ItemGroup>
  <ItemGroup>
    <ClCompile Include="src\Application.cpp" />
    <ClCompile Include="src\Logging\Log.cpp">
      <Filter>Logging</Filter>
    </ClCompile>
    <ClCompile Include="src\Window\WindowsWindow.cpp">
      <Filter>Window</Filter>
    </ClCompile>
    <ClCompile Include="src\pch.cpp" />
  </ItemGroup>
</Project>